
Microsoft Visual Studio Solution File, Format Version 12.00
# Visual Studio Version 17
VisualStudioVersion = 17.4.33205.214
MinimumVisualStudioVersion = 10.0.40219.1
Project("{888888A0-9F3D-457C-B088-3A5042F75D52}") = "PraktilineIseseisevtöö_Listid_ValeriaAllik", "PraktilineIseseisevtöö_Listid_ValeriaAllik\PraktilineIseseisevtöö_Listid_ValeriaAllik.pyproj", "{E924F891-BB12-4536-85A3-5F47EB148641}"
EndProject
Global
	GlobalSection(SolutionConfigurationPlatforms) = preSolution
		Debug|Any CPU = Debug|Any CPU
		Release|Any CPU = Release|Any CPU
	EndGlobalSection
	GlobalSection(ProjectConfigurationPlatforms) = postSolution
		{E924F891-BB12-4536-85A3-5F47EB148641}.Debug|Any CPU.ActiveCfg = Debug|Any CPU
		{E924F891-BB12-4536-85A3-5F47EB148641}.Release|Any CPU.ActiveCfg = Release|Any CPU
	EndGlobalSection
	GlobalSection(SolutionProperties) = preSolution
		HideSolutionNode = FALSE
	EndGlobalSection
	GlobalSection(ExtensibilityGlobals) = postSolution
		SolutionGuid = {2AC1965D-6ED0-403A-BF3B-E0D8E816059E}
	EndGlobalSection
EndGlobal
